// !$*UTF8*$!
{
	archiveVersion = 1;
	classes = {
	};
	objectVersion = 46;
	objects = {

/* Begin PBXBuildFile section */
		22E10ED919AEC904009E8D84 /* AppDelegate.swift in Sources */ = {isa = PBXBuildFile; fileRef = 22E10ED819AEC904009E8D84 /* AppDelegate.swift */; };
		22E10EDB19AEC904009E8D84 /* ViewController.swift in Sources */ = {isa = PBXBuildFile; fileRef = 22E10EDA19AEC904009E8D84 /* ViewController.swift */; };
		22E10EDE19AEC904009E8D84 /* Main.storyboard in Resources */ = {isa = PBXBuildFile; fileRef = 22E10EDC19AEC904009E8D84 /* Main.storyboard */; };
		22E10EE019AEC904009E8D84 /* Images.xcassets in Resources */ = {isa = PBXBuildFile; fileRef = 22E10EDF19AEC904009E8D84 /* Images.xcassets */; };
		22E10EEC19AEC905009E8D84 /* SampleBoxTests.swift in Sources */ = {isa = PBXBuildFile; fileRef = 22E10EEB19AEC905009E8D84 /* SampleBoxTests.swift */; };
		22E10EF619AEC974009E8D84 /* SceneKit.framework in Frameworks */ = {isa = PBXBuildFile; fileRef = 22E10EF519AEC974009E8D84 /* SceneKit.framework */; };
/* End PBXBuildFile section */

/* Begin PBXContainerItemProxy section */
		22E10EE619AEC904009E8D84 /* PBXContainerItemProxy */ = {
			isa = PBXContainerItemProxy;
			containerPortal = 22E10ECB19AEC904009E8D84 /* Project object */;
			proxyType = 1;
			remoteGlobalIDString = 22E10ED219AEC904009E8D84;
			remoteInfo = SampleBox;
		};
/* End PBXContainerItemProxy section */

/* Begin PBXFileReference section */
		22E10ED319AEC904009E8D84 /* SampleBox.app */ = {isa = PBXFileReference; explicitFileType = wrapper.application; includeInIndex = 0; path = SampleBox.app; sourceTree = BUILT_PRODUCTS_DIR; };
		22E10ED719AEC904009E8D84 /* Info.plist */ = {isa = PBXFileReference; lastKnownFileType = text.plist.xml; path = Info.plist; sourceTree = "<group>"; };
		22E10ED819AEC904009E8D84 /* AppDelegate.swift */ = {isa = PBXFileReference; lastKnownFileType = sourcecode.swift; path = AppDelegate.swift; sourceTree = "<group>"; };
		22E10EDA19AEC904009E8D84 /* ViewController.swift */ = {isa = PBXFileReference; lastKnownFileType = sourcecode.swift; path = ViewController.swift; sourceTree = "<group>"; };
		22E10EDD19AEC904009E8D84 /* Base */ = {isa = PBXFileReference; lastKnownFileType = file.storyboard; name = Base; path = Base.lproj/Main.storyboard; sourceTree = "<group>"; };
		22E10EDF19AEC904009E8D84 /* Images.xcassets */ = {isa = PBXFileReference; lastKnownFileType = folder.assetcatalog; path = Images.xcassets; sourceTree = "<group>"; };
		22E10EE519AEC904009E8D84 /* SampleBoxTests.xctest */ = {isa = PBXFileReference; explicitFileType = wrapper.cfbundle; includeInIndex = 0; path = SampleBoxTests.xctest; sourceTree = BUILT_PRODUCTS_DIR; };
		22E10EEA19AEC904009E8D84 /* Info.plist */ = {isa = PBXFileReference; lastKnownFileType = text.plist.xml; path = Info.plist; sourceTree = "<group>"; };
		22E10EEB19AEC905009E8D84 /* SampleBoxTests.swift */ = {isa = PBXFileReference; lastKnownFileType = sourcecode.swift; path = SampleBoxTests.swift; sourceTree = "<group>"; };
		22E10EF519AEC974009E8D84 /* SceneKit.framework */ = {isa = PBXFileReference; lastKnownFileType = wrapper.framework; name = SceneKit.framework; path = System/Library/Frameworks/SceneKit.framework; sourceTree = SDKROOT; };
/* End PBXFileReference section */

/* Begin PBXFrameworksBuildPhase section */
		22E10ED019AEC904009E8D84 /* Frameworks */ = {
			isa = PBXFrameworksBuildPhase;
			buildActionMask = 2147483647;
			files = (
				22E10EF619AEC974009E8D84 /* SceneKit.framework in Frameworks */,
			);
			runOnlyForDeploymentPostprocessing = 0;
		};
		22E10EE219AEC904009E8D84 /* Frameworks */ = {
			isa = PBXFrameworksBuildPhase;
			buildActionMask = 2147483647;
			files = (
			);
			runOnlyForDeploymentPostprocessing = 0;
		};
/* End PBXFrameworksBuildPhase section */

/* Begin PBXGroup section */
		22E10ECA19AEC904009E8D84 = {
			isa = PBXGroup;
			children = (
				22E10EF519AEC974009E8D84 /* SceneKit.framework */,
				22E10ED519AEC904009E8D84 /* SampleBox */,
				22E10EE819AEC904009E8D84 /* SampleBoxTests */,
				22E10ED419AEC904009E8D84 /* Products */,
			);
			sourceTree = "<group>";
		};
		22E10ED419AEC904009E8D84 /* Products */ = {
			isa = PBXGroup;
			children = (
				22E10ED319AEC904009E8D84 /* SampleBox.app */,
				22E10EE519AEC904009E8D84 /* SampleBoxTests.xctest */,
			);
			name = Products;
			sourceTree = "<group>";
		};
		22E10ED519AEC904009E8D84 /* SampleBox */ = {
			isa = PBXGroup;
			children = (
				22E10ED819AEC904009E8D84 /* AppDelegate.swift */,
				22E10EDA19AEC904009E8D84 /* ViewController.swift */,
				22E10EDC19AEC904009E8D84 /* Main.storyboard */,
				22E10EDF19AEC904009E8D84 /* Images.xcassets */,
				22E10ED619AEC904009E8D84 /* Supporting Files */,
			);
			path = SampleBox;
			sourceTree = "<group>";
		};
		22E10ED619AEC904009E8D84 /* Supporting Files */ = {
			isa = PBXGroup;
			children = (
				22E10ED719AEC904009E8D84 /* Info.plist */,
			);
			name = "Supporting Files";
			sourceTree = "<group>";
		};
		22E10EE819AEC904009E8D84 /* SampleBoxTests */ = {
			isa = PBXGroup;
			children = (
				22E10EEB19AEC905009E8D84 /* SampleBoxTests.swift */,
				22E10EE919AEC904009E8D84 /* Supporting Files */,
			);
			path = SampleBoxTests;
			sourceTree = "<group>";
		};
		22E10EE919AEC904009E8D84 /* Supporting Files */ = {
			isa = PBXGroup;
			children = (
				22E10EEA19AEC904009E8D84 /* Info.plist */,
			);
			name = "Supporting Files";
			sourceTree = "<group>";
		};
/* End PBXGroup section */

/* Begin PBXNativeTarget section */
		22E10ED219AEC904009E8D84 /* SampleBox */ = {
			isa = PBXNativeTarget;
			buildConfigurationList = 22E10EEF19AEC905009E8D84 /* Build configuration list for PBXNativeTarget "SampleBox" */;
			buildPhases = (
				22E10ECF19AEC904009E8D84 /* Sources */,
				22E10ED019AEC904009E8D84 /* Frameworks */,
				22E10ED119AEC904009E8D84 /* Resources */,
			);
			buildRules = (
			);
			dependencies = (
			);
			name = SampleBox;
			productName = SampleBox;
			productReference = 22E10ED319AEC904009E8D84 /* SampleBox.app */;
			productType = "com.apple.product-type.application";
		};
		22E10EE419AEC904009E8D84 /* SampleBoxTests */ = {
			isa = PBXNativeTarget;
			buildConfigurationList = 22E10EF219AEC905009E8D84 /* Build configuration list for PBXNativeTarget "SampleBoxTests" */;
			buildPhases = (
				22E10EE119AEC904009E8D84 /* Sources */,
				22E10EE219AEC904009E8D84 /* Frameworks */,
				22E10EE319AEC904009E8D84 /* Resources */,
			);
			buildRules = (
			);
			dependencies = (
				22E10EE719AEC904009E8D84 /* PBXTargetDependency */,
			);
			name = SampleBoxTests;
			productName = SampleBoxTests;
			productReference = 22E10EE519AEC904009E8D84 /* SampleBoxTests.xctest */;
			productType = "com.apple.product-type.bundle.unit-test";
		};
/* End PBXNativeTarget section */

/* Begin PBXProject section */
		22E10ECB19AEC904009E8D84 /* Project object */ = {
			isa = PBXProject;
			attributes = {
				LastUpgradeCheck = 0600;
				ORGANIZATIONNAME = "Samtina Studio";
				TargetAttributes = {
					22E10ED219AEC904009E8D84 = {
						CreatedOnToolsVersion = 6.0;
					};
					22E10EE419AEC904009E8D84 = {
						CreatedOnToolsVersion = 6.0;
						TestTargetID = 22E10ED219AEC904009E8D84;
					};
				};
			};
			buildConfigurationList = 22E10ECE19AEC904009E8D84 /* Build configuration list for PBXProject "SampleBox" */;
			compatibilityVersion = "Xcode 3.2";
			developmentRegion = English;
			hasScannedForEncodings = 0;
			knownRegions = (
				en,
				Base,
			);
			mainGroup = 22E10ECA19AEC904009E8D84;
			productRefGroup = 22E10ED419AEC904009E8D84 /* Products */;
			projectDirPath = "";
			projectRoot = "";
			targets = (
				22E10ED219AEC904009E8D84 /* SampleBox */,
				22E10EE419AEC904009E8D84 /* SampleBoxTests */,
			);
		};
/* End PBXProject section */

/* Begin PBXResourcesBuildPhase section */
		22E10ED119AEC904009E8D84 /* Resources */ = {
			isa = PBXResourcesBuildPhase;
			buildActionMask = 2147483647;
			files = (
				22E10EDE19AEC904009E8D84 /* Main.storyboard in Resources */,
				22E10EE019AEC904009E8D84 /* Images.xcassets in Resources */,
			);
			runOnlyForDeploymentPostprocessing = 0;
		};
		22E10EE319AEC904009E8D84 /* Resources */ = {
			isa = PBXResourcesBuildPhase;
			buildActionMask = 2147483647;
			files = (
			);
			runOnlyForDeploymentPostprocessing = 0;
		};
/* End PBXResourcesBuildPhase section */

/* Begin PBXSourcesBuildPhase section */
		22E10ECF19AEC904009E8D84 /* Sources */ = {
			isa = PBXSourcesBuildPhase;
			buildActionMask = 2147483647;
			files = (
				22E10EDB19AEC904009E8D84 /* ViewController.swift in Sources */,
				22E10ED919AEC904009E8D84 /* AppDelegate.swift in Sources */,
			);
			runOnlyForDeploymentPostprocessing = 0;
		};
		22E10EE119AEC904009E8D84 /* Sources */ = {
			isa = PBXSourcesBuildPhase;
			buildActionMask = 2147483647;
			files = (
				22E10EEC19AEC905009E8D84 /* SampleBoxTests.swift in Sources */,
			);
			runOnlyForDeploymentPostprocessing = 0;
		};
/* End PBXSourcesBuildPhase section */

/* Begin PBXTargetDependency section */
		22E10EE719AEC904009E8D84 /* PBXTargetDependency */ = {
			isa = PBXTargetDependency;
			target = 22E10ED219AEC904009E8D84 /* SampleBox */;
			targetProxy = 22E10EE619AEC904009E8D84 /* PBXContainerItemProxy */;
		};
/* End PBXTargetDependency section */

/* Begin PBXVariantGroup section */
		22E10EDC19AEC904009E8D84 /* Main.storyboard */ = {
			isa = PBXVariantGroup;
			children = (
				22E10EDD19AEC904009E8D84 /* Base */,
			);
			name = Main.storyboard;
			sourceTree = "<group>";
		};
/* End PBXVariantGroup section */

/* Begin XCBuildConfiguration section */
		22E10EED19AEC905009E8D84 /* Debug */ = {
			isa = XCBuildConfiguration;
			buildSettings = {
				ALWAYS_SEARCH_USER_PATHS = NO;
				CLANG_CXX_LANGUAGE_STANDARD = "gnu++0x";
				CLANG_CXX_LIBRARY = "libc++";
				CLANG_ENABLE_MODULES = YES;
				CLANG_ENABLE_OBJC_ARC = YES;
				CLANG_WARN_BOOL_CONVERSION = YES;
				CLANG_WARN_CONSTANT_CONVERSION = YES;
				CLANG_WARN_DIRECT_OBJC_ISA_USAGE = YES_ERROR;
				CLANG_WARN_EMPTY_BODY = YES;
				CLANG_WARN_ENUM_CONVERSION = YES;
				CLANG_WARN_INT_CONVERSION = YES;
				CLANG_WARN_OBJC_ROOT_CLASS = YES_ERROR;
				CLANG_WARN_UNREACHABLE_CODE = YES;
				CLANG_WARN__DUPLICATE_METHOD_MATCH = YES;
				"CODE_SIGN_IDENTITY[sdk=iphoneos*]" = "iPhone Developer";
				COPY_PHASE_STRIP = NO;
				ENABLE_STRICT_OBJC_MSGSEND = YES;
				GCC_C_LANGUAGE_STANDARD = gnu99;
				GCC_DYNAMIC_NO_PIC = NO;
				GCC_OPTIMIZATION_LEVEL = 0;
				GCC_PREPROCESSOR_DEFINITIONS = (
					"DEBUG=1",
					"$(inherited)",
				);
				GCC_SYMBOLS_PRIVATE_EXTERN = NO;
				GCC_WARN_64_TO_32_BIT_CONVERSION = YES;
				GCC_WARN_ABOUT_RETURN_TYPE = YES_ERROR;
				GCC_WARN_UNDECLARED_SELECTOR = YES;
				GCC_WARN_UNINITIALIZED_AUTOS = YES_AGGRESSIVE;
				GCC_WARN_UNUSED_FUNCTION = YES;
				GCC_WARN_UNUSED_VARIABLE = YES;
				IPHONEOS_DEPLOYMENT_TARGET = 8.0;
				MTL_ENABLE_DEBUG_INFO = YES;
				ONLY_ACTIVE_ARCH = YES;
				SDKROOT = iphoneos;
				SWIFT_OPTIMIZATION_LEVEL = "-Onone";
			};
			name = Debug;
		};
		22E10EEE19AEC905009E8D84 /* Release */ = {
			isa = XCBuildConfiguration;
			buildSettings = {
				ALWAYS_SEARCH_USER_PATHS = NO;
				CLANG_CXX_LANGUAGE_STANDARD = "gnu++0x";
				CLANG_CXX_LIBRARY = "libc++";
				CLANG_ENABLE_MODULES = YES;
				CLANG_ENABLE_OBJC_ARC = YES;
				CLANG_WARN_BOOL_CONVERSION = YES;
				CLANG_WARN_CONSTANT_CONVERSION = YES;
				CLANG_WARN_DIRECT_OBJC_ISA_USAGE = YES_ERROR;
				CLANG_WARN_EMPTY_BODY = YES;
				CLANG_WARN_ENUM_CONVERSION = YES;
				CLANG_WARN_INT_CONVERSION = YES;
				CLANG_WARN_OBJC_ROOT_CLASS = YES_ERROR;
				CLANG_WARN_UNREACHABLE_CODE = YES;
				CLANG_WARN__DUPLICATE_METHOD_MATCH = YES;
				"CODE_SIGN_IDENTITY[sdk=iphoneos*]" = "iPhone Developer";
				COPY_PHASE_STRIP = YES;
				ENABLE_NS_ASSERTIONS = NO;
				ENABLE_STRICT_OBJC_MSGSEND = YES;
				GCC_C_LANGUAGE_STANDARD = gnu99;
				GCC_WARN_64_TO_32_BIT_CONVERSION = YES;
				GCC_WARN_ABOUT_RETURN_TYPE = YES_ERROR;
				GCC_WARN_UNDECLARED_SELECTOR = YES;
				GCC_WARN_UNINITIALIZED_AUTOS = YES_AGGRESSIVE;
				GCC_WARN_UNUSED_FUNCTION = YES;
				GCC_WARN_UNUSED_VARIABLE = YES;
				IPHONEOS_DEPLOYMENT_TARGET = 8.0;
				MTL_ENABLE_DEBUG_INFO = NO;
				SDKROOT = iphoneos;
				VALIDATE_PRODUCT = YES;
			};
			name = Release;
		};
		22E10EF019AEC905009E8D84 /* Debug */ = {
			isa = XCBuildConfiguration;
			buildSettings = {
				ASSETCATALOG_COMPILER_APPICON_NAME = AppIcon;
				ASSETCATALOG_COMPILER_LAUNCHIMAGE_NAME = LaunchImage;
				INFOPLIST_FILE = SampleBox/Info.plist;
				LD_RUNPATH_SEARCH_PATHS = "$(inherited) @executable_path/Frameworks";
				PRODUCT_NAME = "$(TARGET_NAME)";
			};
			name = Debug;
		};
		22E10EF119AEC905009E8D84 /* Release */ = {
			isa = XCBuildConfiguration;
			buildSettings = {
				ASSETCATALOG_COMPILER_APPICON_NAME = AppIcon;
				ASSETCATALOG_COMPILER_LAUNCHIMAGE_NAME = LaunchImage;
				INFOPLIST_FILE = SampleBox/Info.plist;
				LD_RUNPATH_SEARCH_PATHS = "$(inherited) @executable_path/Frameworks";
				PRODUCT_NAME = "$(TARGET_NAME)";
			};
			name = Release;
		};
		22E10EF319AEC905009E8D84 /* Debug */ = {
			isa = XCBuildConfiguration;
			buildSettings = {
				BUNDLE_LOADER = "$(TEST_HOST)";
				FRAMEWORK_SEARCH_PATHS = (
					"$(SDKROOT)/Developer/Library/Frameworks",
					"$(inherited)",
				);
				GCC_PREPROCESSOR_DEFINITIONS = (
					"DEBUG=1",
					"$(inherited)",
				);
				INFOPLIST_FILE = SampleBoxTests/Info.plist;
				LD_RUNPATH_SEARCH_PATHS = "$(inherited) @executable_path/Frameworks @loader_path/Frameworks";
				PRODUCT_NAME = "$(TARGET_NAME)";
				TEST_HOST = "$(BUILT_PRODUCTS_DIR)/SampleBox.app/SampleBox";
			};
			name = Debug;
		};
		22E10EF419AEC905009E8D84 /* Release */ = {
			isa = XCBuildConfiguration;
			buildSettings = {
				BUNDLE_LOADER = "$(TEST_HOST)";
				FRAMEWORK_SEARCH_PATHS = (
					"$(SDKROOT)/Developer/Library/Frameworks",
					"$(inherited)",
				);
				INFOPLIST_FILE = SampleBoxTests/Info.plist;
				LD_RUNPATH_SEARCH_PATHS = "$(inherited) @executable_path/Frameworks @loader_path/Frameworks";
				PRODUCT_NAME = "$(TARGET_NAME)";
				TEST_HOST = "$(BUILT_PRODUCTS_DIR)/SampleBox.app/SampleBox";
			};
			name = Release;
		};
/* End XCBuildConfiguration section */

/* Begin XCConfigurationList section */
		22E10ECE19AEC904009E8D84 /* Build configuration list for PBXProject "SampleBox" */ = {
			isa = XCConfigurationList;
			buildConfigurations = (
				22E10EED19AEC905009E8D84 /* Debug */,
				22E10EEE19AEC905009E8D84 /* Release */,
			);
			defaultConfigurationIsVisible = 0;
			defaultConfigurationName = Release;
		};
		22E10EEF19AEC905009E8D84 /* Build configuration list for PBXNativeTarget "SampleBox" */ = {
			isa = XCConfigurationList;
			buildConfigurations = (
				22E10EF019AEC905009E8D84 /* Debug */,
				22E10EF119AEC905009E8D84 /* Release */,
			);
			defaultConfigurationIsVisible = 0;
		};
		22E10EF219AEC905009E8D84 /* Build configuration list for PBXNativeTarget "SampleBoxTests" */ = {
			isa = XCConfigurationList;
			buildConfigurations = (
				22E10EF319AEC905009E8D84 /* Debug */,
				22E10EF419AEC905009E8D84 /* Release */,
			);
			defaultConfigurationIsVisible = 0;
		};
/* End XCConfigurationList section */
	};
	rootObject = 22E10ECB19AEC904009E8D84 /* Project object */;
}
